
Microsoft Visual Studio Solution File, Format Version 12.00
# Visual Studio Version 16
VisualStudioVersion = 16.0.31729.503
MinimumVisualStudioVersion = 10.0.40219.1
Project("{FAE04EC0-301F-11D3-BF4B-00C04F79EFBC}") = "ProiectMobil.Android", "ProiectMobil.Android\ProiectMobil.Android.csproj", "{66209204-B24E-4AA0-8BD2-DB6671350AE1}"
EndProject
Project("{FAE04EC0-301F-11D3-BF4B-00C04F79EFBC}") = "ProiectMobil.iOS", "ProiectMobil.iOS\ProiectMobil.iOS.csproj", "{646E2334-4FEF-4995-877C-5EA493A41908}"
EndProject
Project("{FAE04EC0-301F-11D3-BF4B-00C04F79EFBC}") = "ProiectMobil", "ProiectMobil\ProiectMobil.csproj", "{EB31BC9C-C807-438E-A0E7-892C58F589CD}"
EndProject
Global
	GlobalSection(SolutionConfigurationPlatforms) = preSolution
		Debug|Any CPU = Debug|Any CPU
		Debug|iPhone = Debug|iPhone
		Debug|iPhoneSimulator = Debug|iPhoneSimulator
		Release|Any CPU = Release|Any CPU
		Release|iPhone = Release|iPhone
		Release|iPhoneSimulator = Release|iPhoneSimulator
	EndGlobalSection
	GlobalSection(ProjectConfigurationPlatforms) = postSolution
		{66209204-B24E-4AA0-8BD2-DB6671350AE1}.Debug|Any CPU.ActiveCfg = Debug|Any CPU
		{66209204-B24E-4AA0-8BD2-DB6671350AE1}.Debug|Any CPU.Build.0 = Debug|Any CPU
		{66209204-B24E-4AA0-8BD2-DB6671350AE1}.Debug|Any CPU.Deploy.0 = Debug|Any CPU
		{66209204-B24E-4AA0-8BD2-DB6671350AE1}.Debug|iPhone.ActiveCfg = Debug|Any CPU
		{66209204-B24E-4AA0-8BD2-DB6671350AE1}.Debug|iPhone.Build.0 = Debug|Any CPU
		{66209204-B24E-4AA0-8BD2-DB6671350AE1}.Debug|iPhone.Deploy.0 = Debug|Any CPU
		{66209204-B24E-4AA0-8BD2-DB6671350AE1}.Debug|iPhoneSimulator.ActiveCfg = Debug|Any CPU
		{66209204-B24E-4AA0-8BD2-DB6671350AE1}.Debug|iPhoneSimulator.Build.0 = Debug|Any CPU
		{66209204-B24E-4AA0-8BD2-DB6671350AE1}.Debug|iPhoneSimulator.Deploy.0 = Debug|Any CPU
		{66209204-B24E-4AA0-8BD2-DB6671350AE1}.Release|Any CPU.ActiveCfg = Release|Any CPU
		{66209204-B24E-4AA0-8BD2-DB6671350AE1}.Release|Any CPU.Build.0 = Release|Any CPU
		{66209204-B24E-4AA0-8BD2-DB6671350AE1}.Release|Any CPU.Deploy.0 = Release|Any CPU
		{66209204-B24E-4AA0-8BD2-DB6671350AE1}.Release|iPhone.ActiveCfg = Release|Any CPU
		{66209204-B24E-4AA0-8BD2-DB6671350AE1}.Release|iPhone.Build.0 = Release|Any CPU
		{66209204-B24E-4AA0-8BD2-DB6671350AE1}.Release|iPhone.Deploy.0 = Release|Any CPU
		{66209204-B24E-4AA0-8BD2-DB6671350AE1}.Release|iPhoneSimulator.ActiveCfg = Release|Any CPU
		{66209204-B24E-4AA0-8BD2-DB6671350AE1}.Release|iPhoneSimulator.Build.0 = Release|Any CPU
		{66209204-B24E-4AA0-8BD2-DB6671350AE1}.Release|iPhoneSimulator.Deploy.0 = Release|Any CPU
		{646E2334-4FEF-4995-877C-5EA493A41908}.Debug|Any CPU.ActiveCfg = Debug|iPhone
		{646E2334-4FEF-4995-877C-5EA493A41908}.Debug|Any CPU.Build.0 = Debug|iPhone
		{646E2334-4FEF-4995-877C-5EA493A41908}.Debug|Any CPU.Deploy.0 = Debug|iPhone
		{646E2334-4FEF-4995-877C-5EA493A41908}.Debug|iPhone.ActiveCfg = Debug|iPhone
		{646E2334-4FEF-4995-877C-5EA493A41908}.Debug|iPhone.Build.0 = Debug|iPhone
		{646E2334-4FEF-4995-877C-5EA493A41908}.Debug|iPhone.Deploy.0 = Debug|iPhone
		{646E2334-4FEF-4995-877C-5EA493A41908}.Debug|iPhoneSimulator.ActiveCfg = Debug|iPhoneSimulator
		{646E2334-4FEF-4995-877C-5EA493A41908}.Debug|iPhoneSimulator.Build.0 = Debug|iPhoneSimulator
		{646E2334-4FEF-4995-877C-5EA493A41908}.Debug|iPhoneSimulator.Deploy.0 = Debug|iPhoneSimulator
		{646E2334-4FEF-4995-877C-5EA493A41908}.Release|Any CPU.ActiveCfg = Release|iPhoneSimulator
		{646E2334-4FEF-4995-877C-5EA493A41908}.Release|Any CPU.Build.0 = Release|iPhoneSimulator
		{646E2334-4FEF-4995-877C-5EA493A41908}.Release|Any CPU.Deploy.0 = Release|iPhoneSimulator
		{646E2334-4FEF-4995-877C-5EA493A41908}.Release|iPhone.ActiveCfg = Release|iPhone
		{646E2334-4FEF-4995-877C-5EA493A41908}.Release|iPhone.Build.0 = Release|iPhone
		{646E2334-4FEF-4995-877C-5EA493A41908}.Release|iPhone.Deploy.0 = Release|iPhone
		{646E2334-4FEF-4995-877C-5EA493A41908}.Release|iPhoneSimulator.ActiveCfg = Release|iPhoneSimulator
		{646E2334-4FEF-4995-877C-5EA493A41908}.Release|iPhoneSimulator.Build.0 = Release|iPhoneSimulator
		{646E2334-4FEF-4995-877C-5EA493A41908}.Release|iPhoneSimulator.Deploy.0 = Release|iPhoneSimulator
		{EB31BC9C-C807-438E-A0E7-892C58F589CD}.Debug|Any CPU.ActiveCfg = Debug|Any CPU
		{EB31BC9C-C807-438E-A0E7-892C58F589CD}.Debug|Any CPU.Build.0 = Debug|Any CPU
		{EB31BC9C-C807-438E-A0E7-892C58F589CD}.Debug|Any CPU.Deploy.0 = Debug|Any CPU
		{EB31BC9C-C807-438E-A0E7-892C58F589CD}.Debug|iPhone.ActiveCfg = Debug|Any CPU
		{EB31BC9C-C807-438E-A0E7-892C58F589CD}.Debug|iPhone.Build.0 = Debug|Any CPU
		{EB31BC9C-C807-438E-A0E7-892C58F589CD}.Debug|iPhone.Deploy.0 = Debug|Any CPU
		{EB31BC9C-C807-438E-A0E7-892C58F589CD}.Debug|iPhoneSimulator.ActiveCfg = Debug|Any CPU
		{EB31BC9C-C807-438E-A0E7-892C58F589CD}.Debug|iPhoneSimulator.Build.0 = Debug|Any CPU
		{EB31BC9C-C807-438E-A0E7-892C58F589CD}.Debug|iPhoneSimulator.Deploy.0 = Debug|Any CPU
		{EB31BC9C-C807-438E-A0E7-892C58F589CD}.Release|Any CPU.ActiveCfg = Release|Any CPU
		{EB31BC9C-C807-438E-A0E7-892C58F589CD}.Release|Any CPU.Build.0 = Release|Any CPU
		{EB31BC9C-C807-438E-A0E7-892C58F589CD}.Release|Any CPU.Deploy.0 = Release|Any CPU
		{EB31BC9C-C807-438E-A0E7-892C58F589CD}.Release|iPhone.ActiveCfg = Release|Any CPU
		{EB31BC9C-C807-438E-A0E7-892C58F589CD}.Release|iPhone.Build.0 = Release|Any CPU
		{EB31BC9C-C807-438E-A0E7-892C58F589CD}.Release|iPhone.Deploy.0 = Release|Any CPU
		{EB31BC9C-C807-438E-A0E7-892C58F589CD}.Release|iPhoneSimulator.ActiveCfg = Release|Any CPU
		{EB31BC9C-C807-438E-A0E7-892C58F589CD}.Release|iPhoneSimulator.Build.0 = Release|Any CPU
		{EB31BC9C-C807-438E-A0E7-892C58F589CD}.Release|iPhoneSimulator.Deploy.0 = Release|Any CPU
	EndGlobalSection
	GlobalSection(SolutionProperties) = preSolution
		HideSolutionNode = FALSE
	EndGlobalSection
	GlobalSection(ExtensibilityGlobals) = postSolution
		SolutionGuid = {0B29982D-669F-4B98-BD36-6931F4FEB59E}
	EndGlobalSection
EndGlobal
